# This file is automatically @generated by Cargo.
# It is not intended for manual editing.
version = 3

[[package]]
name = "add-lib"
version = "0.1.0"
dependencies = [
 "cfg-if 0.1.10",
 "sea 0.1.0",
 "verifier",
]

[[package]]
name = "ahash"
version = "0.8.6"
source = "registry+https://github.com/rust-lang/crates.io-index"
checksum = "91429305e9f0a25f6205c5b8e0d2db09e0708a7a6df0f42212bb56c32c8ac97a"
dependencies = [
 "cfg-if 1.0.0",
 "getrandom",
 "once_cell",
 "version_check",
 "zerocopy",
]

[[package]]
name = "atomic-polyfill"
version = "1.0.3"
source = "registry+https://github.com/rust-lang/crates.io-index"
checksum = "8cf2bce30dfe09ef0bfaef228b9d414faaf7e563035494d7fe092dba54b300f4"
dependencies = [
 "critical-section",
]

[[package]]
name = "autocfg"
version = "1.2.0"
source = "registry+https://github.com/rust-lang/crates.io-index"
checksum = "f1fdabc7756949593fe60f30ec81974b613357de856987752631dea1e3394c80"

[[package]]
name = "borsh"
version = "0.10.3"
source = "registry+https://github.com/rust-lang/crates.io-index"
checksum = "4114279215a005bc675e386011e594e1d9b800918cea18fcadadcce864a2046b"
dependencies = [
 "borsh-derive",
 "hashbrown",
]

[[package]]
name = "borsh-derive"
version = "0.10.3"
source = "registry+https://github.com/rust-lang/crates.io-index"
checksum = "0754613691538d51f329cce9af41d7b7ca150bc973056f1156611489475f54f7"
dependencies = [
 "borsh-derive-internal",
 "borsh-schema-derive-internal",
 "proc-macro-crate",
 "proc-macro2",
 "syn 1.0.109",
]

[[package]]
name = "borsh-derive-internal"
version = "0.10.3"
source = "registry+https://github.com/rust-lang/crates.io-index"
checksum = "afb438156919598d2c7bad7e1c0adf3d26ed3840dbc010db1a882a65583ca2fb"
dependencies = [
 "proc-macro2",
 "quote",
 "syn 1.0.109",
]

[[package]]
name = "borsh-enum-lib"
version = "0.1.0"
dependencies = [
 "borsh",
 "cfg-if 0.1.10",
 "sea 0.1.0",
 "verifier",
]

[[package]]
name = "borsh-lib"
version = "0.1.0"
dependencies = [
 "ahash",
 "borsh",
 "cfg-if 0.1.10",
 "sea 0.1.0",
 "verifier",
]

[[package]]
name = "borsh-option-lib"
version = "0.1.0"
dependencies = [
 "borsh",
 "cfg-if 0.1.10",
 "sea 0.1.0",
 "verifier",
]

[[package]]
name = "borsh-primitives-lib"
version = "0.1.0"
dependencies = [
 "borsh",
 "cfg-if 0.1.10",
 "sea 0.1.0",
 "verifier",
]

[[package]]
name = "borsh-schema-derive-internal"
version = "0.10.3"
source = "registry+https://github.com/rust-lang/crates.io-index"
checksum = "634205cc43f74a1b9046ef87c4540ebda95696ec0f315024860cad7c5b0f5ccd"
dependencies = [
 "proc-macro2",
 "quote",
 "syn 1.0.109",
]

[[package]]
name = "borsh-structs-lib"
version = "0.1.0"
dependencies = [
 "borsh",
 "cfg-if 0.1.10",
 "sea 0.1.0",
 "verifier",
]

[[package]]
name = "byteorder"
version = "1.5.0"
source = "registry+https://github.com/rust-lang/crates.io-index"
checksum = "1fd0f2584146f6f2ef48085050886acf353beff7305ebd1ae69500e27c67f64b"

[[package]]
name = "cfg-if"
version = "0.1.10"
source = "registry+https://github.com/rust-lang/crates.io-index"
checksum = "4785bdd1c96b2a846b2bd7cc02e86b6b3dbf14e7e53446c4f54c92a361040822"

[[package]]
name = "cfg-if"
version = "1.0.0"
source = "registry+https://github.com/rust-lang/crates.io-index"
checksum = "baf1de4339761588bc0619e3cbc0120ee582ebb74b53b4efbf79117bd2da40fd"

[[package]]
name = "copy_stack_buffer-lib"
version = "0.1.0"
dependencies = [
 "cfg-if 0.1.10",
 "libc",
 "sea 0.1.0",
 "verifier",
]

[[package]]
name = "critical-section"
version = "1.1.2"
source = "registry+https://github.com/rust-lang/crates.io-index"
checksum = "7059fff8937831a9ae6f0fe4d658ffabf58f2ca96aa9dec1c889f936f705f216"

[[package]]
name = "custom-print"
version = "0.1.0"
source = "registry+https://github.com/rust-lang/crates.io-index"
checksum = "cb50a9067f6b0c4ecdac7986070032d9d299f69078ed69d6131bb5ede3345bd2"

[[package]]
name = "custom-print"
version = "1.0.0"
source = "registry+https://github.com/rust-lang/crates.io-index"
checksum = "f069652649993736519feb4836624034e3c63554ca33b28dbf192cf5ffb9cce4"

[[package]]
name = "custom-print-lib"
version = "0.1.0"
dependencies = [
 "cfg-if 0.1.10",
 "custom-print 0.1.0",
 "libc",
 "sea 0.1.0",
 "verifier",
]

[[package]]
name = "custom-print-no-std-lib"
version = "0.1.0"
dependencies = [
 "custom-print 0.1.0",
 "libc",
 "sea 0.1.0",
 "verifier",
]

[[package]]
name = "custom-print-writer-lib"
version = "0.1.0"
dependencies = [
 "cfg-if 0.1.10",
 "custom-print 0.1.0",
 "libc",
 "sea 0.1.0",
 "verifier",
]

[[package]]
name = "custom-vec-drain-lib"
version = "0.1.0"
dependencies = [
 "cfg-if 0.1.10",
 "libc",
 "sea 0.1.0",
 "verifier",
]

[[package]]
name = "custom-vec-final-lib"
version = "0.1.0"
dependencies = [
 "cfg-if 0.1.10",
 "libc",
 "sea 0.1.0",
 "verifier",
]

[[package]]
name = "custom-vec-lib"
version = "0.1.0"
dependencies = [
 "cfg-if 0.1.10",
 "libc",
 "sea 0.1.0",
 "verifier",
]

[[package]]
name = "custom-vec-loop-unroll-lib"
version = "0.1.0"
dependencies = [
 "cfg-if 0.1.10",
 "libc",
 "sea 0.1.0",
 "verifier",
]

[[package]]
name = "custom-vec-raw_vec-lib"
version = "0.1.0"
dependencies = [
 "cfg-if 0.1.10",
 "libc",
 "sea 0.1.0",
 "verifier",
]

[[package]]
name = "custom-vec-zst-alignment-issue-lib"
version = "0.1.0"
dependencies = [
 "cfg-if 0.1.10",
 "libc",
 "sea 0.1.0",
 "verifier",
]

[[package]]
name = "empty-print-lib"
version = "0.1.0"
dependencies = [
 "cfg-if 0.1.10",
 "libc",
 "sea 0.1.0",
 "verifier",
]

[[package]]
name = "enum-as-param-lib"
version = "0.1.0"
dependencies = [
 "cfg-if 0.1.10",
 "libc",
 "sea 0.1.0",
 "verifier",
]

[[package]]
name = "getrandom"
version = "0.2.14"
source = "registry+https://github.com/rust-lang/crates.io-index"
checksum = "94b22e06ecb0110981051723910cbf0b5f5e09a2062dd7663334ee79a9d1286c"
dependencies = [
 "cfg-if 1.0.0",
 "libc",
 "wasi",
]

[[package]]
name = "hash32"
version = "0.2.1"
source = "registry+https://github.com/rust-lang/crates.io-index"
checksum = "b0c35f58762feb77d74ebe43bdbc3210f09be9fe6742234d573bacc26ed92b67"
dependencies = [
 "byteorder",
]

[[package]]
name = "hashbrown"
version = "0.13.2"
source = "registry+https://github.com/rust-lang/crates.io-index"
checksum = "43a3c133739dddd0d2990f9a4bdf8eb4b21ef50e4851ca85ab661199821d510e"
dependencies = [
 "ahash",
]

[[package]]
name = "heapless"
version = "0.7.17"
source = "registry+https://github.com/rust-lang/crates.io-index"
checksum = "cdc6457c0eb62c71aac4bc17216026d8410337c4126773b9c5daba343f17964f"
dependencies = [
 "atomic-polyfill",
 "hash32",
 "rustc_version",
 "spin",
 "stable_deref_trait",
]

[[package]]
name = "libc"
version = "0.2.153"
source = "registry+https://github.com/rust-lang/crates.io-index"
checksum = "9c198f91728a82281a64e1f4f9eeb25d82cb32a5de251c6bd1b5154d63a8e7bd"

[[package]]
name = "lock_api"
version = "0.4.11"
source = "registry+https://github.com/rust-lang/crates.io-index"
checksum = "3c168f8615b12bc01f9c17e2eb0cc07dcae1940121185446edc3744920e8ef45"
dependencies = [
 "autocfg",
 "scopeguard",
]

[[package]]
name = "mock-test1-lib"
version = "0.1.0"
dependencies = [
 "cfg-if 0.1.10",
 "libc",
 "sea 0.1.0",
 "seamock",
 "verifier",
]

[[package]]
name = "mut_ref_on_stack-lib"
version = "0.1.0"
dependencies = [
 "cfg-if 0.1.10",
 "libc",
 "sea 0.1.0",
 "verifier",
]

[[package]]
name = "once_cell"
version = "1.19.0"
source = "registry+https://github.com/rust-lang/crates.io-index"
checksum = "3fdb12b2476b595f9358c5161aa467c2438859caa136dec86c26fdd2efe17b92"

[[package]]
name = "option-and-then-lib"
version = "0.1.0"
dependencies = [
 "cfg-if 0.1.10",
 "libc",
 "sea 0.1.0",
 "verifier",
]

[[package]]
name = "option-is-some-and-lib"
version = "0.1.0"
dependencies = [
 "cfg-if 0.1.10",
 "libc",
 "sea 0.1.0",
 "verifier",
]

[[package]]
name = "option-lib"
version = "0.1.0"
dependencies = [
 "cfg-if 0.1.10",
 "libc",
 "sea 0.1.0",
 "verifier",
]

[[package]]
name = "option-or-lib"
version = "0.1.0"
dependencies = [
 "cfg-if 0.1.10",
 "libc",
 "sea 0.1.0",
 "verifier",
]

[[package]]
name = "option-unwrap-or-lib"
version = "0.1.0"
dependencies = [
 "cfg-if 0.1.10",
 "libc",
 "sea 0.1.0",
 "verifier",
]

[[package]]
name = "option-vec-map-lib"
version = "0.1.0"
dependencies = [
 "cfg-if 0.1.10",
 "libc",
 "sea 0.1.0",
 "verifier",
]

[[package]]
name = "panic-test-lib"
version = "0.1.0"
dependencies = [
 "cfg-if 0.1.10",
 "libc",
 "sea 0.1.0",
 "verifier",
]

[[package]]
name = "pointer-lib"
version = "0.1.0"
dependencies = [
 "cfg-if 0.1.10",
 "libc",
 "sea 0.1.0",
 "verifier",
]

[[package]]
name = "pointer_same_arg-lib"
version = "0.1.0"
dependencies = [
 "cfg-if 0.1.10",
 "libc",
 "sea 0.1.0",
 "verifier",
]

[[package]]
name = "proc-macro-crate"
version = "0.1.5"
source = "registry+https://github.com/rust-lang/crates.io-index"
checksum = "1d6ea3c4595b96363c13943497db34af4460fb474a95c43f4446ad341b8c9785"
dependencies = [
 "toml",
]

[[package]]
name = "proc-macro2"
version = "1.0.79"
source = "registry+https://github.com/rust-lang/crates.io-index"
checksum = "e835ff2298f5721608eb1a980ecaee1aef2c132bf95ecc026a11b7bf3c01c02e"
dependencies = [
 "unicode-ident",
]

[[package]]
name = "quote"
version = "1.0.36"
source = "registry+https://github.com/rust-lang/crates.io-index"
checksum = "0fa76aaf39101c457836aec0ce2316dbdc3ab723cdda1c6bd4e6ad4208acaca7"
dependencies = [
 "proc-macro2",
]

[[package]]
name = "read_across_f-lib"
version = "0.1.0"
dependencies = [
 "cfg-if 0.1.10",
 "libc",
 "sea 0.1.0",
 "verifier",
]

[[package]]
name = "realloc-not-initiallized-lib"
version = "0.1.0"
dependencies = [
 "cfg-if 0.1.10",
 "libc",
 "sea 0.1.0",
 "verifier",
]

[[package]]
name = "result-and_then-lib"
version = "0.1.0"
dependencies = [
 "cfg-if 0.1.10",
 "libc",
 "sea 0.1.0",
 "verifier",
]

[[package]]
name = "result-as_deref-lib"
version = "0.1.0"
dependencies = [
 "cfg-if 0.1.10",
 "libc",
 "sea 0.1.0",
 "verifier",
]

[[package]]
name = "result-cloned-lib"
version = "0.1.0"
dependencies = [
 "cfg-if 0.1.10",
 "libc",
 "sea 0.1.0",
 "verifier",
]

[[package]]
name = "result-copied-lib"
version = "0.1.0"
dependencies = [
 "cfg-if 0.1.10",
 "libc",
 "sea 0.1.0",
 "verifier",
]

[[package]]
name = "result-iter_mut-lib"
version = "0.1.0"
dependencies = [
 "cfg-if 0.1.10",
 "libc",
 "sea 0.1.0",
 "verifier",
]

[[package]]
name = "result-transpose-lib"
version = "0.1.0"
dependencies = [
 "cfg-if 0.1.10",
 "libc",
 "sea 0.1.0",
 "verifier",
]

[[package]]
name = "result-unwrap_or_else-lib"
version = "0.1.0"
dependencies = [
 "cfg-if 0.1.10",
 "libc",
 "sea 0.1.0",
 "verifier",
]

[[package]]
name = "ro_shared_references-lib"
version = "0.1.0"
dependencies = [
 "cfg-if 0.1.10",
 "libc",
 "sea 0.1.0",
 "verifier",
]

[[package]]
name = "rustc_version"
version = "0.4.0"
source = "registry+https://github.com/rust-lang/crates.io-index"
checksum = "bfa0f585226d2e68097d4f95d113b15b83a82e819ab25717ec0590d9584ef366"
dependencies = [
 "semver",
]

[[package]]
name = "ryu"
version = "1.0.17"
source = "registry+https://github.com/rust-lang/crates.io-index"
checksum = "e86697c916019a8588c99b5fac3cead74ec0b4b819707a682fd4d23fa0ce1ba1"

[[package]]
name = "scopeguard"
version = "1.2.0"
source = "registry+https://github.com/rust-lang/crates.io-index"
checksum = "94143f37725109f92c262ed2cf5e59bce7498c01bcc1502d7b9afe439a4e9f49"

[[package]]
name = "sea"
version = "0.1.0"
dependencies = [
 "custom-print 1.0.0",
 "libc",
 "sea 0.1.0 (registry+https://github.com/rust-lang/crates.io-index)",
 "sea_nd_func",
 "unroll",
]

[[package]]
name = "sea"
version = "0.1.0"
source = "registry+https://github.com/rust-lang/crates.io-index"
checksum = "e6dd669e5f0d27f8ab4e50ce65c6032c2be11554b3abe77b5f100955531cb7f4"

[[package]]
name = "sea-vec-lib"
version = "0.1.0"
dependencies = [
 "cfg-if 0.1.10",
 "libc",
 "sea 0.1.0",
 "verifier",
]

[[package]]
name = "sea_nd_func"
version = "0.1.0"
dependencies = [
 "quote",
 "syn 1.0.109",
]

[[package]]
name = "seamock"
version = "0.1.0"
dependencies = [
 "proc-macro2",
 "quote",
 "syn 1.0.109",
]

[[package]]
name = "semver"
version = "1.0.22"
source = "registry+https://github.com/rust-lang/crates.io-index"
checksum = "92d43fe69e652f3df9bdc2b85b2854a0825b86e4fb76bc44d945137d053639ca"

[[package]]
name = "serde"
version = "1.0.197"
source = "registry+https://github.com/rust-lang/crates.io-index"
checksum = "3fb1c873e1b9b056a4dc4c0c198b24c3ffa059243875552b2bd0933b1aee4ce2"
dependencies = [
 "serde_derive",
]

[[package]]
name = "serde-json-core"
version = "0.5.1"
source = "registry+https://github.com/rust-lang/crates.io-index"
checksum = "3c9e1ab533c0bc414c34920ec7e5f097101d126ed5eac1a1aac711222e0bbb33"
dependencies = [
 "heapless",
 "ryu",
 "serde",
]

[[package]]
name = "serde-lib"
version = "0.1.0"
dependencies = [
 "cfg-if 0.1.10",
 "heapless",
 "libc",
 "sea 0.1.0",
 "serde",
 "serde-json-core",
 "verifier",
]

[[package]]
name = "serde_derive"
version = "1.0.197"
source = "registry+https://github.com/rust-lang/crates.io-index"
checksum = "7eb0b34b42edc17f6b7cac84a52a1c5f0e1bb2227e997ca9011ea3dd34e8610b"
dependencies = [
 "proc-macro2",
 "quote",
 "syn 2.0.58",
]

[[package]]
name = "smallvec"
version = "1.13.2"
source = "registry+https://github.com/rust-lang/crates.io-index"
checksum = "3c5e1a9a646d36c3599cd173a41282daf47c44583ad367b8e6837255952e5c67"

[[package]]
name = "smallvec-allocation-bound2-lib"
version = "0.1.0"
dependencies = [
 "cfg-if 0.1.10",
 "libc",
 "sea 0.1.0",
 "verifier",
]

[[package]]
name = "smallvec-allocation-bound4-lib"
version = "0.1.0"
dependencies = [
 "cfg-if 0.1.10",
 "libc",
 "sea 0.1.0",
 "smallvec",
 "verifier",
]

[[package]]
name = "smallvec-allocation-bound8-lib"
version = "0.1.0"
dependencies = [
 "cfg-if 0.1.10",
 "libc",
 "sea 0.1.0",
 "smallvec",
 "verifier",
]

[[package]]
name = "smallvec-allocation-lib"
version = "0.1.0"
dependencies = [
 "cfg-if 0.1.10",
 "libc",
 "sea 0.1.0",
 "verifier",
]

[[package]]
name = "smallvec-bound2-lib"
version = "0.1.0"
dependencies = [
 "cfg-if 0.1.10",
 "libc",
 "sea 0.1.0",
 "smallvec",
 "verifier",
]

[[package]]
name = "smallvec-bound4-lib"
version = "0.1.0"
dependencies = [
 "cfg-if 0.1.10",
 "libc",
 "sea 0.1.0",
 "smallvec",
 "verifier",
]

[[package]]
name = "smallvec-bound8-lib"
version = "0.1.0"
dependencies = [
 "cfg-if 0.1.10",
 "libc",
 "sea 0.1.0",
 "smallvec",
 "verifier",
]

[[package]]
name = "smallvec-drain-error-lib"
version = "0.1.0"
dependencies = [
 "cfg-if 0.1.10",
 "libc",
 "sea 0.1.0",
 "verifier",
]

[[package]]
name = "smallvec-grow-error-lib"
version = "0.1.0"
dependencies = [
 "cfg-if 0.1.10",
 "libc",
 "sea 0.1.0",
 "verifier",
]

[[package]]
name = "smallvec-insert-optimization-lib"
version = "0.1.0"
dependencies = [
 "cfg-if 0.1.10",
 "libc",
 "sea 0.1.0",
 "verifier",
]

[[package]]
name = "smallvec-insert_many-error-lib"
version = "0.1.0"
dependencies = [
 "cfg-if 0.1.10",
 "libc",
 "sea 0.1.0",
 "verifier",
]

[[package]]
name = "smallvec-insert_many-fix-lib"
version = "0.1.0"
dependencies = [
 "cfg-if 0.1.10",
 "libc",
 "sea 0.1.0",
 "verifier",
]

[[package]]
name = "smallvec-lib"
version = "0.1.0"
dependencies = [
 "cfg-if 0.1.10",
 "libc",
 "sea 0.1.0",
 "smallvec",
 "verifier",
]

[[package]]
name = "smallvec-memory-leak-lib"
version = "0.1.0"
dependencies = [
 "cfg-if 0.1.10",
 "libc",
 "sea 0.1.0",
 "verifier",
]

[[package]]
name = "spin"
version = "0.9.8"
source = "registry+https://github.com/rust-lang/crates.io-index"
checksum = "6980e8d7511241f8acf4aebddbb1ff938df5eebe98691418c4468d0b72a96a67"
dependencies = [
 "lock_api",
]

[[package]]
name = "stable_deref_trait"
version = "1.2.0"
source = "registry+https://github.com/rust-lang/crates.io-index"
checksum = "a8f112729512f8e442d81f95a8a7ddf2b7c6b8a1a6f509a95864142b30cab2d3"

[[package]]
name = "string-lib"
version = "0.1.0"
dependencies = [
 "cfg-if 0.1.10",
 "libc",
 "sea 0.1.0",
 "verifier",
]

[[package]]
name = "string-parse-lib"
version = "0.1.0"
dependencies = [
 "cfg-if 0.1.10",
 "libc",
 "sea 0.1.0",
 "verifier",
]

[[package]]
name = "string-to_string-lib"
version = "0.1.0"
dependencies = [
 "cfg-if 0.1.10",
 "libc",
 "sea 0.1.0",
 "verifier",
]

[[package]]
name = "syn"
version = "1.0.109"
source = "registry+https://github.com/rust-lang/crates.io-index"
checksum = "72b64191b275b66ffe2469e8af2c1cfe3bafa67b529ead792a6d0160888b4237"
dependencies = [
 "proc-macro2",
 "quote",
 "unicode-ident",
]

[[package]]
name = "syn"
version = "2.0.58"
source = "registry+https://github.com/rust-lang/crates.io-index"
checksum = "44cfb93f38070beee36b3fef7d4f5a16f27751d94b187b666a5cc5e9b0d30687"
dependencies = [
 "proc-macro2",
 "quote",
 "unicode-ident",
]

[[package]]
name = "tinyvec"
version = "0.2.0"
source = "registry+https://github.com/rust-lang/crates.io-index"
checksum = "b9089682241673eb9163a093590426980e1741bc9496a5c69e2194567e7c86e8"

[[package]]
name = "tinyvec"
version = "1.6.0"
source = "registry+https://github.com/rust-lang/crates.io-index"
checksum = "87cc5ceb3875bb20c2890005a4e226a4651264a5c75edb2421b52861a0a0cb50"

[[package]]
name = "tinyvec-arrayvec-lib"
version = "0.1.0"
dependencies = [
 "cfg-if 0.1.10",
 "libc",
 "sea 0.1.0",
 "tinyvec 1.6.0",
 "verifier",
]

[[package]]
name = "tinyvec-capacity-error-lib"
version = "0.1.0"
dependencies = [
 "cfg-if 0.1.10",
 "libc",
 "sea 0.1.0",
 "tinyvec 1.6.0",
 "verifier",
]

[[package]]
name = "tinyvec-remove-error-lib"
version = "0.1.0"
dependencies = [
 "cfg-if 0.1.10",
 "libc",
 "sea 0.1.0",
 "tinyvec 0.2.0",
 "verifier",
]

[[package]]
name = "toml"
version = "0.5.11"
source = "registry+https://github.com/rust-lang/crates.io-index"
checksum = "f4f7f0dd8d50a853a531c426359045b1998f04219d88799810762cd4ad314234"
dependencies = [
 "serde",
]

[[package]]
name = "unicode-ident"
version = "1.0.12"
source = "registry+https://github.com/rust-lang/crates.io-index"
checksum = "3354b9ac3fae1ff6755cb6db53683adb661634f67557942dea4facebec0fee4b"

[[package]]
name = "unroll"
version = "0.1.5"
source = "registry+https://github.com/rust-lang/crates.io-index"
checksum = "5ad948c1cb799b1a70f836077721a92a35ac177d4daddf4c20a633786d4cf618"
dependencies = [
 "quote",
 "syn 1.0.109",
]

[[package]]
name = "vec-filter-lib"
version = "0.1.0"
dependencies = [
 "cfg-if 0.1.10",
 "libc",
 "sea 0.1.0",
 "verifier",
]

[[package]]
name = "vec-lib"
version = "0.1.0"
dependencies = [
 "cfg-if 0.1.10",
 "sea 0.1.0",
 "verifier",
]

[[package]]
name = "vec-sort-reverse-lib"
version = "0.1.0"
dependencies = [
 "cfg-if 0.1.10",
 "sea 0.1.0",
 "verifier",
]

[[package]]
name = "verifier"
version = "0.1.0"
dependencies = [
 "cfg-if 0.1.10",
 "sea 0.1.0",
]

[[package]]
name = "version_check"
version = "0.9.4"
source = "registry+https://github.com/rust-lang/crates.io-index"
checksum = "49874b5167b65d7193b8aba1567f5c7d93d001cafc34600cee003eda787e483f"

[[package]]
name = "wasi"
version = "0.11.0+wasi-snapshot-preview1"
source = "registry+https://github.com/rust-lang/crates.io-index"
checksum = "9c8d87e72b64a3b4db28d11ce29237c246188f4f51057d65a7eab63b7987e423"

[[package]]
name = "zerocopy"
version = "0.7.32"
source = "registry+https://github.com/rust-lang/crates.io-index"
checksum = "74d4d3961e53fa4c9a25a8637fc2bfaf2595b3d3ae34875568a5cf64787716be"
dependencies = [
 "zerocopy-derive",
]

[[package]]
name = "zerocopy-derive"
version = "0.7.32"
source = "registry+https://github.com/rust-lang/crates.io-index"
checksum = "9ce1b18ccd8e73a9321186f97e46f9f04b778851177567b1975109d26a08d2a6"
dependencies = [
 "proc-macro2",
 "quote",
 "syn 2.0.58",
]
